
Microsoft Visual Studio Solution File, Format Version 12.00
# Visual Studio Version 16
VisualStudioVersion = 16.0.34114.132
MinimumVisualStudioVersion = 10.0.40219.1
Project("{FAE04EC0-301F-11D3-BF4B-00C04F79EFBC}") = "WebApplication2", "WebApplication2\WebApplication2.csproj", "{73453EF1-E036-492D-881E-FB487CEB73CA}"
EndProject
Global
	GlobalSection(SolutionConfigurationPlatforms) = preSolution
		Debug|Any CPU = Debug|Any CPU
		Release|Any CPU = Release|Any CPU
	EndGlobalSection
	GlobalSection(ProjectConfigurationPlatforms) = postSolution
		{73453EF1-E036-492D-881E-FB487CEB73CA}.Debug|Any CPU.ActiveCfg = Debug|Any CPU
		{73453EF1-E036-492D-881E-FB487CEB73CA}.Debug|Any CPU.Build.0 = Debug|Any CPU
		{73453EF1-E036-492D-881E-FB487CEB73CA}.Release|Any CPU.ActiveCfg = Release|Any CPU
		{73453EF1-E036-492D-881E-FB487CEB73CA}.Release|Any CPU.Build.0 = Release|Any CPU
	EndGlobalSection
	GlobalSection(SolutionProperties) = preSolution
		HideSolutionNode = FALSE
	EndGlobalSection
	GlobalSection(ExtensibilityGlobals) = postSolution
		SolutionGuid = {FE1B681C-314B-4987-88A1-7F70B7DC6F6B}
	EndGlobalSection
EndGlobal
